
Microsoft Visual Studio Solution File, Format Version 12.00
# Visual Studio Version 17
VisualStudioVersion = 17.0.32014.148
MinimumVisualStudioVersion = 10.0.40219.1
Project("{FAE04EC0-301F-11D3-BF4B-00C04F79EFBC}") = "GeneratorsTest", "GeneratorsTest\GeneratorsTest.csproj", "{9C7EC793-B649-414E-8699-BD8A64F6CA25}"
EndProject
Project("{FAE04EC0-301F-11D3-BF4B-00C04F79EFBC}") = "DemoGenerator", "DemoGenerator\DemoGenerator.csproj", "{37E36C27-20B3-4C33-B43D-8C9A1AC31F96}"
EndProject
Global
	GlobalSection(SolutionConfigurationPlatforms) = preSolution
		Debug|Any CPU = Debug|Any CPU
		Release|Any CPU = Release|Any CPU
	EndGlobalSection
	GlobalSection(ProjectConfigurationPlatforms) = postSolution
		{9C7EC793-B649-414E-8699-BD8A64F6CA25}.Debug|Any CPU.ActiveCfg = Debug|Any CPU
		{9C7EC793-B649-414E-8699-BD8A64F6CA25}.Debug|Any CPU.Build.0 = Debug|Any CPU
		{9C7EC793-B649-414E-8699-BD8A64F6CA25}.Release|Any CPU.ActiveCfg = Release|Any CPU
		{9C7EC793-B649-414E-8699-BD8A64F6CA25}.Release|Any CPU.Build.0 = Release|Any CPU
		{37E36C27-20B3-4C33-B43D-8C9A1AC31F96}.Debug|Any CPU.ActiveCfg = Debug|Any CPU
		{37E36C27-20B3-4C33-B43D-8C9A1AC31F96}.Debug|Any CPU.Build.0 = Debug|Any CPU
		{37E36C27-20B3-4C33-B43D-8C9A1AC31F96}.Release|Any CPU.ActiveCfg = Release|Any CPU
		{37E36C27-20B3-4C33-B43D-8C9A1AC31F96}.Release|Any CPU.Build.0 = Release|Any CPU
	EndGlobalSection
	GlobalSection(SolutionProperties) = preSolution
		HideSolutionNode = FALSE
	EndGlobalSection
	GlobalSection(ExtensibilityGlobals) = postSolution
		SolutionGuid = {4D0BDCAA-B82C-4304-B8D5-E2461E6EF73B}
	EndGlobalSection
EndGlobal
